
Microsoft Visual Studio Solution File, Format Version 12.00
# Visual Studio Version 17
VisualStudioVersion = 17.10.35027.167
MinimumVisualStudioVersion = 10.0.40219.1
Project("{9A19103F-16F7-4668-BE54-9A1E7A4F7556}") = "Online_Food_Delivery_DAO", "Online_Food_Delivery_DAO\Online_Food_Delivery_DAO.csproj", "{B8202D26-F854-4D4C-9AD8-E1AC1ABE4F47}"
EndProject
Project("{9A19103F-16F7-4668-BE54-9A1E7A4F7556}") = "Online_Food_Delivery_MVC", "Online_Food_Delivery_MVC\Online_Food_Delivery_MVC.csproj", "{0221B63F-B15C-4904-B01D-C53FC5ABFF7B}"
	ProjectSection(ProjectDependencies) = postProject
		{B8202D26-F854-4D4C-9AD8-E1AC1ABE4F47} = {B8202D26-F854-4D4C-9AD8-E1AC1ABE4F47}
	EndProjectSection
EndProject
Project("{9A19103F-16F7-4668-BE54-9A1E7A4F7556}") = "Food_API", "Food_API\Food_API.csproj", "{F0D295FF-9559-4391-B104-FDFEC9E373F4}"
EndProject
Global
	GlobalSection(SolutionConfigurationPlatforms) = preSolution
		Debug|Any CPU = Debug|Any CPU
		Release|Any CPU = Release|Any CPU
	EndGlobalSection
	GlobalSection(ProjectConfigurationPlatforms) = postSolution
		{B8202D26-F854-4D4C-9AD8-E1AC1ABE4F47}.Debug|Any CPU.ActiveCfg = Debug|Any CPU
		{B8202D26-F854-4D4C-9AD8-E1AC1ABE4F47}.Debug|Any CPU.Build.0 = Debug|Any CPU
		{B8202D26-F854-4D4C-9AD8-E1AC1ABE4F47}.Release|Any CPU.ActiveCfg = Release|Any CPU
		{B8202D26-F854-4D4C-9AD8-E1AC1ABE4F47}.Release|Any CPU.Build.0 = Release|Any CPU
		{0221B63F-B15C-4904-B01D-C53FC5ABFF7B}.Debug|Any CPU.ActiveCfg = Debug|Any CPU
		{0221B63F-B15C-4904-B01D-C53FC5ABFF7B}.Debug|Any CPU.Build.0 = Debug|Any CPU
		{0221B63F-B15C-4904-B01D-C53FC5ABFF7B}.Release|Any CPU.ActiveCfg = Release|Any CPU
		{0221B63F-B15C-4904-B01D-C53FC5ABFF7B}.Release|Any CPU.Build.0 = Release|Any CPU
		{F0D295FF-9559-4391-B104-FDFEC9E373F4}.Debug|Any CPU.ActiveCfg = Debug|Any CPU
		{F0D295FF-9559-4391-B104-FDFEC9E373F4}.Debug|Any CPU.Build.0 = Debug|Any CPU
		{F0D295FF-9559-4391-B104-FDFEC9E373F4}.Release|Any CPU.ActiveCfg = Release|Any CPU
		{F0D295FF-9559-4391-B104-FDFEC9E373F4}.Release|Any CPU.Build.0 = Release|Any CPU
	EndGlobalSection
	GlobalSection(SolutionProperties) = preSolution
		HideSolutionNode = FALSE
	EndGlobalSection
	GlobalSection(ExtensibilityGlobals) = postSolution
		SolutionGuid = {03F0B10B-6613-48C1-8F4E-7A2AAB21D7AE}
	EndGlobalSection
EndGlobal
